
Microsoft Visual Studio Solution File, Format Version 12.00
# Visual Studio Version 17
VisualStudioVersion = 17.6.33815.320
MinimumVisualStudioVersion = 10.0.40219.1
Project("{FAE04EC0-301F-11D3-BF4B-00C04F79EFBC}") = "Revit-Eva_Connector", "Revit-Eva_Connector\Revit-Eva_Connector.csproj", "{D02C31A8-E00F-4A89-8435-4E61AE8CF9FA}"
EndProject
Project("{FAE04EC0-301F-11D3-BF4B-00C04F79EFBC}") = "Revit-Eva_Connector_console", "Revit-Eva_Connectore_console\Revit-Eva_Connector_console.csproj", "{22F57C7E-0589-414A-80D8-D5691F34C211}"
EndProject
Project("{FAE04EC0-301F-11D3-BF4B-00C04F79EFBC}") = "FromRevitConnector", "FromRevitConnector\FromRevitConnector.csproj", "{92E27A82-31C9-4CFD-8CC3-B082E9B2C131}"
EndProject
Global
	GlobalSection(SolutionConfigurationPlatforms) = preSolution
		Debug|Any CPU = Debug|Any CPU
		Release|Any CPU = Release|Any CPU
	EndGlobalSection
	GlobalSection(ProjectConfigurationPlatforms) = postSolution
		{D02C31A8-E00F-4A89-8435-4E61AE8CF9FA}.Debug|Any CPU.ActiveCfg = Debug|Any CPU
		{D02C31A8-E00F-4A89-8435-4E61AE8CF9FA}.Debug|Any CPU.Build.0 = Debug|Any CPU
		{D02C31A8-E00F-4A89-8435-4E61AE8CF9FA}.Release|Any CPU.ActiveCfg = Release|Any CPU
		{D02C31A8-E00F-4A89-8435-4E61AE8CF9FA}.Release|Any CPU.Build.0 = Release|Any CPU
		{22F57C7E-0589-414A-80D8-D5691F34C211}.Debug|Any CPU.ActiveCfg = Debug|Any CPU
		{22F57C7E-0589-414A-80D8-D5691F34C211}.Debug|Any CPU.Build.0 = Debug|Any CPU
		{22F57C7E-0589-414A-80D8-D5691F34C211}.Release|Any CPU.ActiveCfg = Release|Any CPU
		{22F57C7E-0589-414A-80D8-D5691F34C211}.Release|Any CPU.Build.0 = Release|Any CPU
		{92E27A82-31C9-4CFD-8CC3-B082E9B2C131}.Debug|Any CPU.ActiveCfg = Debug|Any CPU
		{92E27A82-31C9-4CFD-8CC3-B082E9B2C131}.Debug|Any CPU.Build.0 = Debug|Any CPU
		{92E27A82-31C9-4CFD-8CC3-B082E9B2C131}.Release|Any CPU.ActiveCfg = Release|Any CPU
		{92E27A82-31C9-4CFD-8CC3-B082E9B2C131}.Release|Any CPU.Build.0 = Release|Any CPU
	EndGlobalSection
	GlobalSection(SolutionProperties) = preSolution
		HideSolutionNode = FALSE
	EndGlobalSection
	GlobalSection(ExtensibilityGlobals) = postSolution
		SolutionGuid = {05ED6AE2-7B21-4C47-B144-47F14C71B77D}
	EndGlobalSection
EndGlobal
