
Microsoft Visual Studio Solution File, Format Version 12.00
# Visual Studio Version 17
VisualStudioVersion = 17.6.33815.320
MinimumVisualStudioVersion = 10.0.40219.1
Project("{FAE04EC0-301F-11D3-BF4B-00C04F79EFBC}") = "Revit-Eva_Connector", "Revit-Eva_Connector\Revit-Eva_Connector.csproj", "{D02C31A8-E00F-4A89-8435-4E61AE8CF9FA}"
EndProject
Project("{9A19103F-16F7-4668-BE54-9A1E7A4F7556}") = "FromRevitLoader", "FromRevitLoader\FromRevitLoader.csproj", "{43554A38-5AD4-42A4-A54E-0B534B8C8952}"
EndProject
Global
	GlobalSection(SolutionConfigurationPlatforms) = preSolution
		Debug|Any CPU = Debug|Any CPU
		Debug|x64 = Debug|x64
		R2020|Any CPU = R2020|Any CPU
		R2020|x64 = R2020|x64
		R2021|Any CPU = R2021|Any CPU
		R2021|x64 = R2021|x64
		R2022|Any CPU = R2022|Any CPU
		R2022|x64 = R2022|x64
		R2023|Any CPU = R2023|Any CPU
		R2023|x64 = R2023|x64
		R2024|Any CPU = R2024|Any CPU
		R2024|x64 = R2024|x64
		Release|Any CPU = Release|Any CPU
		Release|x64 = Release|x64
	EndGlobalSection
	GlobalSection(ProjectConfigurationPlatforms) = postSolution
		{D02C31A8-E00F-4A89-8435-4E61AE8CF9FA}.Debug|Any CPU.ActiveCfg = Debug|Any CPU
		{D02C31A8-E00F-4A89-8435-4E61AE8CF9FA}.Debug|Any CPU.Build.0 = Debug|Any CPU
		{D02C31A8-E00F-4A89-8435-4E61AE8CF9FA}.Debug|x64.ActiveCfg = Debug|Any CPU
		{D02C31A8-E00F-4A89-8435-4E61AE8CF9FA}.Debug|x64.Build.0 = Debug|Any CPU
		{D02C31A8-E00F-4A89-8435-4E61AE8CF9FA}.R2020|Any CPU.ActiveCfg = Release|Any CPU
		{D02C31A8-E00F-4A89-8435-4E61AE8CF9FA}.R2020|Any CPU.Build.0 = Release|Any CPU
		{D02C31A8-E00F-4A89-8435-4E61AE8CF9FA}.R2020|x64.ActiveCfg = Release|Any CPU
		{D02C31A8-E00F-4A89-8435-4E61AE8CF9FA}.R2020|x64.Build.0 = Release|Any CPU
		{D02C31A8-E00F-4A89-8435-4E61AE8CF9FA}.R2021|Any CPU.ActiveCfg = Release|Any CPU
		{D02C31A8-E00F-4A89-8435-4E61AE8CF9FA}.R2021|Any CPU.Build.0 = Release|Any CPU
		{D02C31A8-E00F-4A89-8435-4E61AE8CF9FA}.R2021|x64.ActiveCfg = Release|Any CPU
		{D02C31A8-E00F-4A89-8435-4E61AE8CF9FA}.R2021|x64.Build.0 = Release|Any CPU
		{D02C31A8-E00F-4A89-8435-4E61AE8CF9FA}.R2022|Any CPU.ActiveCfg = Release|Any CPU
		{D02C31A8-E00F-4A89-8435-4E61AE8CF9FA}.R2022|Any CPU.Build.0 = Release|Any CPU
		{D02C31A8-E00F-4A89-8435-4E61AE8CF9FA}.R2022|x64.ActiveCfg = Release|Any CPU
		{D02C31A8-E00F-4A89-8435-4E61AE8CF9FA}.R2022|x64.Build.0 = Release|Any CPU
		{D02C31A8-E00F-4A89-8435-4E61AE8CF9FA}.R2023|Any CPU.ActiveCfg = Release|Any CPU
		{D02C31A8-E00F-4A89-8435-4E61AE8CF9FA}.R2023|Any CPU.Build.0 = Release|Any CPU
		{D02C31A8-E00F-4A89-8435-4E61AE8CF9FA}.R2023|x64.ActiveCfg = Release|Any CPU
		{D02C31A8-E00F-4A89-8435-4E61AE8CF9FA}.R2023|x64.Build.0 = Release|Any CPU
		{D02C31A8-E00F-4A89-8435-4E61AE8CF9FA}.R2024|Any CPU.ActiveCfg = Release|Any CPU
		{D02C31A8-E00F-4A89-8435-4E61AE8CF9FA}.R2024|Any CPU.Build.0 = Release|Any CPU
		{D02C31A8-E00F-4A89-8435-4E61AE8CF9FA}.R2024|x64.ActiveCfg = Release|Any CPU
		{D02C31A8-E00F-4A89-8435-4E61AE8CF9FA}.R2024|x64.Build.0 = Release|Any CPU
		{D02C31A8-E00F-4A89-8435-4E61AE8CF9FA}.Release|Any CPU.ActiveCfg = Release|Any CPU
		{D02C31A8-E00F-4A89-8435-4E61AE8CF9FA}.Release|Any CPU.Build.0 = Release|Any CPU
		{D02C31A8-E00F-4A89-8435-4E61AE8CF9FA}.Release|x64.ActiveCfg = Release|Any CPU
		{D02C31A8-E00F-4A89-8435-4E61AE8CF9FA}.Release|x64.Build.0 = Release|Any CPU
		{43554A38-5AD4-42A4-A54E-0B534B8C8952}.Debug|Any CPU.ActiveCfg = Debug|x64
		{43554A38-5AD4-42A4-A54E-0B534B8C8952}.Debug|Any CPU.Build.0 = Debug|x64
		{43554A38-5AD4-42A4-A54E-0B534B8C8952}.Debug|x64.ActiveCfg = Debug|x64
		{43554A38-5AD4-42A4-A54E-0B534B8C8952}.Debug|x64.Build.0 = Debug|x64
		{43554A38-5AD4-42A4-A54E-0B534B8C8952}.R2020|Any CPU.ActiveCfg = R2020|x64
		{43554A38-5AD4-42A4-A54E-0B534B8C8952}.R2020|Any CPU.Build.0 = R2020|x64
		{43554A38-5AD4-42A4-A54E-0B534B8C8952}.R2020|x64.ActiveCfg = R2020|x64
		{43554A38-5AD4-42A4-A54E-0B534B8C8952}.R2020|x64.Build.0 = R2020|x64
		{43554A38-5AD4-42A4-A54E-0B534B8C8952}.R2021|Any CPU.ActiveCfg = R2021|x64
		{43554A38-5AD4-42A4-A54E-0B534B8C8952}.R2021|Any CPU.Build.0 = R2021|x64
		{43554A38-5AD4-42A4-A54E-0B534B8C8952}.R2021|x64.ActiveCfg = R2021|x64
		{43554A38-5AD4-42A4-A54E-0B534B8C8952}.R2021|x64.Build.0 = R2021|x64
		{43554A38-5AD4-42A4-A54E-0B534B8C8952}.R2022|Any CPU.ActiveCfg = R2022|x64
		{43554A38-5AD4-42A4-A54E-0B534B8C8952}.R2022|Any CPU.Build.0 = R2022|x64
		{43554A38-5AD4-42A4-A54E-0B534B8C8952}.R2022|x64.ActiveCfg = R2022|x64
		{43554A38-5AD4-42A4-A54E-0B534B8C8952}.R2022|x64.Build.0 = R2022|x64
		{43554A38-5AD4-42A4-A54E-0B534B8C8952}.R2023|Any CPU.ActiveCfg = R2023|x64
		{43554A38-5AD4-42A4-A54E-0B534B8C8952}.R2023|Any CPU.Build.0 = R2023|x64
		{43554A38-5AD4-42A4-A54E-0B534B8C8952}.R2023|x64.ActiveCfg = R2023|x64
		{43554A38-5AD4-42A4-A54E-0B534B8C8952}.R2023|x64.Build.0 = R2023|x64
		{43554A38-5AD4-42A4-A54E-0B534B8C8952}.R2024|Any CPU.ActiveCfg = R2024|x64
		{43554A38-5AD4-42A4-A54E-0B534B8C8952}.R2024|Any CPU.Build.0 = R2024|x64
		{43554A38-5AD4-42A4-A54E-0B534B8C8952}.R2024|x64.ActiveCfg = R2024|x64
		{43554A38-5AD4-42A4-A54E-0B534B8C8952}.R2024|x64.Build.0 = R2024|x64
		{43554A38-5AD4-42A4-A54E-0B534B8C8952}.Release|Any CPU.ActiveCfg = R2020|x64
		{43554A38-5AD4-42A4-A54E-0B534B8C8952}.Release|Any CPU.Build.0 = R2020|x64
		{43554A38-5AD4-42A4-A54E-0B534B8C8952}.Release|x64.ActiveCfg = R2020|x64
		{43554A38-5AD4-42A4-A54E-0B534B8C8952}.Release|x64.Build.0 = R2020|x64
	EndGlobalSection
	GlobalSection(SolutionProperties) = preSolution
		HideSolutionNode = FALSE
	EndGlobalSection
	GlobalSection(ExtensibilityGlobals) = postSolution
		SolutionGuid = {05ED6AE2-7B21-4C47-B144-47F14C71B77D}
	EndGlobalSection
EndGlobal
